{
  "nodes": {
    "naersk": {
      "inputs": {
        "nixpkgs": "nixpkgs"
      },
      "locked": {
        "lastModified": 1618068541,
        "narHash": "sha256-enxg0QB53Zis0VJWfJsrX7zCjurpi7lW78EKXbJdzpQ=",
        "owner": "nmattia",
        "repo": "naersk",
        "rev": "b3b099d669fc8b18d361c249091c9fe95d57ebbb",
        "type": "github"
      },
      "original": {
        "owner": "nmattia",
        "repo": "naersk",
        "type": "github"
      }
    },
    "nixpkgs": {
      "locked": {
        "lastModified": 1618619705,
        "narHash": "sha256-+yBGazqJxjT+BR00oCNamOgiEFPHBOPkqak7MUYcpBA=",
        "path": "/nix/store/27v7s0awjnjwcqn8n86yn5xw1ifmdhhd-source",
        "rev": "e5cc06a1e806070693add4f231060a62b962fc44",
        "type": "path"
      },
      "original": {
        "id": "nixpkgs",
        "type": "indirect"
      }
    },
    "nixpkgs_2": {
      "locked": {
        "lastModified": 1618619705,
        "narHash": "sha256-+yBGazqJxjT+BR00oCNamOgiEFPHBOPkqak7MUYcpBA=",
        "path": "/nix/store/27v7s0awjnjwcqn8n86yn5xw1ifmdhhd-source",
        "rev": "e5cc06a1e806070693add4f231060a62b962fc44",
        "type": "path"
      },
      "original": {
        "id": "nixpkgs",
        "type": "indirect"
      }
    },
    "root": {
      "inputs": {
        "naersk": "naersk",
        "nixpkgs": "nixpkgs_2",
        "utils": "utils"
      }
    },
    "utils": {
      "locked": {
        "lastModified": 1618217525,
        "narHash": "sha256-WGrhVczjXTiswQaoxQ+0PTfbLNeOQM6M36zvLn78AYg=",
        "owner": "numtide",
        "repo": "flake-utils",
        "rev": "c6169a2772643c4a93a0b5ac1c61e296cba68544",
        "type": "github"
      },
      "original": {
        "owner": "numtide",
        "repo": "flake-utils",
        "type": "github"
      }
    }
  },
  "root": "root",
  "version": 7
}
